%{
  "castore": {:hex, :castore, "0.1.17", "ba672681de4e51ed8ec1f74ed624d104c0db72742ea1a5e74edbc770c815182f", [:mix], [], "hexpm", "d9844227ed52d26e7519224525cb6868650c272d4a3d327ce3ca5570c12163f9"},
  "elixir_make": {:git, "https://github.com/cocoa-xu/elixir_make.git", "1c332b76259c3d4531f83e24e07282aa158bdd75", [branch: "cx-fennec_precompile"]},
}
